imports:
- name: github.com/patrickmn/go-cache
  version: 5633e0862627c011927fa39556acae8b1f1df58a
- name: golang.org/x/sync
  version: 42b317875d0fa942474b76e1b46a6060d720ae6e
  subpackages:
  - singleflight
testImports:
- name: github.com/smartystreets/assertions
  version: b2de0cb4f26d0705483a2f495d89896d0b808573
  subpackages:
  - internal/go-render/render
  - internal/oglematchers
- name: github.com/smartystreets/gunit
  version: 6f0d6275bdcdd4411ad1c9b3b69eda55eea5b2db
  subpackages:
  - scan
